
Microsoft Visual Studio Solution File, Format Version 12.00
# Visual Studio Version 16
VisualStudioVersion = 16.0.31205.134
MinimumVisualStudioVersion = 10.0.40219.1
Project("{9A19103F-16F7-4668-BE54-9A1E7A4F7556}") = "app1", "app1\app1.csproj", "{2C9C7A91-8759-4D74-A769-74D81B49C18F}"
EndProject
Project("{9A19103F-16F7-4668-BE54-9A1E7A4F7556}") = "Asynreplypatten", "Asynreplypatten\Asynreplypatten.csproj", "{EBF9D25F-574D-4EF8-8A5A-AF597872E68C}"
EndProject
Global
	GlobalSection(SolutionConfigurationPlatforms) = preSolution
		Debug|Any CPU = Debug|Any CPU
		Release|Any CPU = Release|Any CPU
	EndGlobalSection
	GlobalSection(ProjectConfigurationPlatforms) = postSolution
		{2C9C7A91-8759-4D74-A769-74D81B49C18F}.Debug|Any CPU.ActiveCfg = Debug|Any CPU
		{2C9C7A91-8759-4D74-A769-74D81B49C18F}.Debug|Any CPU.Build.0 = Debug|Any CPU
		{2C9C7A91-8759-4D74-A769-74D81B49C18F}.Release|Any CPU.ActiveCfg = Release|Any CPU
		{2C9C7A91-8759-4D74-A769-74D81B49C18F}.Release|Any CPU.Build.0 = Release|Any CPU
		{EBF9D25F-574D-4EF8-8A5A-AF597872E68C}.Debug|Any CPU.ActiveCfg = Debug|Any CPU
		{EBF9D25F-574D-4EF8-8A5A-AF597872E68C}.Debug|Any CPU.Build.0 = Debug|Any CPU
		{EBF9D25F-574D-4EF8-8A5A-AF597872E68C}.Release|Any CPU.ActiveCfg = Release|Any CPU
		{EBF9D25F-574D-4EF8-8A5A-AF597872E68C}.Release|Any CPU.Build.0 = Release|Any CPU
	EndGlobalSection
	GlobalSection(SolutionProperties) = preSolution
		HideSolutionNode = FALSE
	EndGlobalSection
	GlobalSection(ExtensibilityGlobals) = postSolution
		SolutionGuid = {5E363D00-1F0F-4A53-9D06-730E98BAFB4C}
	EndGlobalSection
EndGlobal
